
Microsoft Visual Studio Solution File, Format Version 12.00
# Visual Studio 15
VisualStudioVersion = 15.0.26430.14
MinimumVisualStudioVersion = 10.0.40219.1
Project("{FAE04EC0-301F-11D3-BF4B-00C04F79EFBC}") = "Ash.OIUtils.ThreeArchiveTool", "Ash.OIUtils.ThreeArchiveTool\Ash.OIUtils.ThreeArchiveTool.csproj", "{FE968D39-FA09-4082-9DB0-485A99AE727C}"
EndProject
Project("{FAE04EC0-301F-11D3-BF4B-00C04F79EFBC}") = "Ash.OIUtils.HttpServerResponse", "Ash.OIUtils.HttpServerResponse\Ash.OIUtils.HttpServerResponse.csproj", "{188E5475-6D77-4534-8889-F00195A148A0}"
EndProject
Global
	GlobalSection(SolutionConfigurationPlatforms) = preSolution
		Debug|Any CPU = Debug|Any CPU
		Release|Any CPU = Release|Any CPU
	EndGlobalSection
	GlobalSection(ProjectConfigurationPlatforms) = postSolution
		{FE968D39-FA09-4082-9DB0-485A99AE727C}.Debug|Any CPU.ActiveCfg = Debug|Any CPU
		{FE968D39-FA09-4082-9DB0-485A99AE727C}.Debug|Any CPU.Build.0 = Debug|Any CPU
		{FE968D39-FA09-4082-9DB0-485A99AE727C}.Release|Any CPU.ActiveCfg = Release|Any CPU
		{FE968D39-FA09-4082-9DB0-485A99AE727C}.Release|Any CPU.Build.0 = Release|Any CPU
		{188E5475-6D77-4534-8889-F00195A148A0}.Debug|Any CPU.ActiveCfg = Debug|Any CPU
		{188E5475-6D77-4534-8889-F00195A148A0}.Debug|Any CPU.Build.0 = Debug|Any CPU
		{188E5475-6D77-4534-8889-F00195A148A0}.Release|Any CPU.ActiveCfg = Release|Any CPU
		{188E5475-6D77-4534-8889-F00195A148A0}.Release|Any CPU.Build.0 = Release|Any CPU
	EndGlobalSection
	GlobalSection(SolutionProperties) = preSolution
		HideSolutionNode = FALSE
	EndGlobalSection
EndGlobal
